{
  "name": "CuBoid",
  "version": "0.0.1",
  "dependencies": {
    "bluebird": {
      "version": "2.9.27",
      "from": "bluebird@",
      "resolved": "https://registry.npmjs.org/bluebird/-/bluebird-2.9.27.tgz"
    },
    "easy-table": {
      "version": "1.0.0",
      "from": "easy-table@*",
      "resolved": "https://registry.npmjs.org/easy-table/-/easy-table-1.0.0.tgz"
    },
    "lodash": {
      "version": "3.9.3",
      "from": "lodash@",
      "resolved": "https://registry.npmjs.org/lodash/-/lodash-3.9.3.tgz"
    },
    "mathjs": {
      "version": "1.7.0",
      "from": "mathjs@",
      "resolved": "https://registry.npmjs.org/mathjs/-/mathjs-1.7.0.tgz",
      "dependencies": {
        "decimal.js": {
          "version": "4.0.2",
          "from": "decimal.js@~4.0.1",
          "resolved": "https://registry.npmjs.org/decimal.js/-/decimal.js-4.0.2.tgz"
        }
      }
    },
    "moment": {
      "version": "2.10.3",
      "from": "moment@",
      "resolved": "https://registry.npmjs.org/moment/-/moment-2.10.3.tgz"
    },
    "mysql": {
      "version": "2.7.0",
      "from": "mysql@",
      "resolved": "https://registry.npmjs.org/mysql/-/mysql-2.7.0.tgz",
      "dependencies": {
        "bignumber.js": {
          "version": "2.0.7",
          "from": "bignumber.js@2.0.7",
          "resolved": "https://registry.npmjs.org/bignumber.js/-/bignumber.js-2.0.7.tgz"
        },
        "readable-stream": {
          "version": "1.1.13",
          "from": "readable-stream@~1.1.13",
          "dependencies": {
            "core-util-is": {
              "version": "1.0.1",
              "from": "core-util-is@~1.0.0"
            },
            "isarray": {
              "version": "0.0.1",
              "from": "isarray@0.0.1",
              "resolved": "https://registry.npmjs.org/isarray/-/isarray-0.0.1.tgz"
            },
            "string_decoder": {
              "version": "0.10.31",
              "from": "string_decoder@~0.10.x"
            },
            "inherits": {
              "version": "2.0.1",
              "from": "inherits@~2.0.1"
            }
          }
        },
        "require-all": {
          "version": "1.0.0",
          "from": "require-all@~1.0.0",
          "resolved": "https://registry.npmjs.org/require-all/-/require-all-1.0.0.tgz"
        }
      }
    },
    "ntypescript": {
      "version": "1.201507021036.1",
      "from": "ntypescript@*",
      "resolved": "https://registry.npmjs.org/ntypescript/-/ntypescript-1.201507021036.1.tgz"
    },
    "request": {
      "version": "2.58.0",
      "from": "request@*",
      "resolved": "https://registry.npmjs.org/request/-/request-2.58.0.tgz",
      "dependencies": {
        "bl": {
          "version": "0.9.4",
          "from": "bl@>=0.9.0 <0.10.0",
          "dependencies": {
            "readable-stream": {
              "version": "1.0.33",
              "from": "readable-stream@>=1.0.26 <1.1.0",
              "dependencies": {
                "core-util-is": {
                  "version": "1.0.1",
                  "from": "core-util-is@>=1.0.0 <1.1.0"
                },
                "isarray": {
                  "version": "0.0.1",
                  "from": "isarray@0.0.1",
                  "resolved": "https://registry.npmjs.org/isarray/-/isarray-0.0.1.tgz"
                },
                "string_decoder": {
                  "version": "0.10.31",
                  "from": "string_decoder@>=0.10.0 <0.11.0"
                },
                "inherits": {
                  "version": "2.0.1",
                  "from": "inherits@>=2.0.1 <2.1.0"
                }
              }
            }
          }
        },
        "caseless": {
          "version": "0.10.0",
          "from": "caseless@>=0.10.0 <0.11.0",
          "resolved": "https://registry.npmjs.org/caseless/-/caseless-0.10.0.tgz"
        },
        "extend": {
          "version": "2.0.1",
          "from": "extend@>=2.0.1 <2.1.0",
          "resolved": "https://registry.npmjs.org/extend/-/extend-2.0.1.tgz"
        },
        "forever-agent": {
          "version": "0.6.1",
          "from": "forever-agent@>=0.6.0 <0.7.0",
          "resolved": "https://registry.npmjs.org/forever-agent/-/forever-agent-0.6.1.tgz"
        },
        "form-data": {
          "version": "1.0.0-rc1",
          "from": "form-data@>=1.0.0-rc1 <1.1.0",
          "resolved": "https://registry.npmjs.org/form-data/-/form-data-1.0.0-rc1.tgz",
          "dependencies": {
            "async": {
              "version": "1.3.0",
              "from": "async@>=1.2.1 <2.0.0",
              "resolved": "https://registry.npmjs.org/async/-/async-1.3.0.tgz"
            },
            "mime-types": {
              "version": "2.1.2",
              "from": "mime-types@>=2.1.1 <3.0.0",
              "resolved": "https://registry.npmjs.org/mime-types/-/mime-types-2.1.2.tgz",
              "dependencies": {
                "mime-db": {
                  "version": "1.14.0",
                  "from": "mime-db@>=1.14.0 <1.15.0",
                  "resolved": "https://registry.npmjs.org/mime-db/-/mime-db-1.14.0.tgz"
                }
              }
            }
          }
        },
        "json-stringify-safe": {
          "version": "5.0.1",
          "from": "json-stringify-safe@>=5.0.0 <5.1.0",
          "resolved": "https://registry.npmjs.org/json-stringify-safe/-/json-stringify-safe-5.0.1.tgz"
        },
        "mime-types": {
          "version": "2.0.14",
          "from": "mime-types@>=2.0.1 <2.1.0",
          "resolved": "https://registry.npmjs.org/mime-types/-/mime-types-2.0.14.tgz",
          "dependencies": {
            "mime-db": {
              "version": "1.12.0",
              "from": "mime-db@>=1.12.0 <1.13.0",
              "resolved": "https://registry.npmjs.org/mime-db/-/mime-db-1.12.0.tgz"
            }
          }
        },
        "node-uuid": {
          "version": "1.4.3",
          "from": "node-uuid@>=1.4.0 <1.5.0",
          "resolved": "https://registry.npmjs.org/node-uuid/-/node-uuid-1.4.3.tgz"
        },
        "qs": {
          "version": "3.1.0",
          "from": "qs@>=3.1.0 <3.2.0",
          "resolved": "https://registry.npmjs.org/qs/-/qs-3.1.0.tgz"
        },
        "tunnel-agent": {
          "version": "0.4.1",
          "from": "tunnel-agent@>=0.4.0 <0.5.0",
          "resolved": "https://registry.npmjs.org/tunnel-agent/-/tunnel-agent-0.4.1.tgz"
        },
        "tough-cookie": {
          "version": "2.0.0",
          "from": "tough-cookie@>=0.12.0",
          "resolved": "https://registry.npmjs.org/tough-cookie/-/tough-cookie-2.0.0.tgz"
        },
        "http-signature": {
          "version": "0.11.0",
          "from": "http-signature@>=0.11.0 <0.12.0",
          "resolved": "https://registry.npmjs.org/http-signature/-/http-signature-0.11.0.tgz",
          "dependencies": {
            "assert-plus": {
              "version": "0.1.5",
              "from": "assert-plus@>=0.1.5 <0.2.0"
            },
            "asn1": {
              "version": "0.1.11",
              "from": "asn1@0.1.11",
              "resolved": "https://registry.npmjs.org/asn1/-/asn1-0.1.11.tgz"
            },
            "ctype": {
              "version": "0.5.3",
              "from": "ctype@0.5.3",
              "resolved": "https://registry.npmjs.org/ctype/-/ctype-0.5.3.tgz"
            }
          }
        },
        "oauth-sign": {
          "version": "0.8.0",
          "from": "oauth-sign@>=0.8.0 <0.9.0",
          "resolved": "https://registry.npmjs.org/oauth-sign/-/oauth-sign-0.8.0.tgz"
        },
        "hawk": {
          "version": "2.3.1",
          "from": "hawk@>=2.3.0 <2.4.0",
          "resolved": "https://registry.npmjs.org/hawk/-/hawk-2.3.1.tgz",
          "dependencies": {
            "hoek": {
              "version": "2.14.0",
              "from": "hoek@>=2.0.0 <3.0.0",
              "resolved": "https://registry.npmjs.org/hoek/-/hoek-2.14.0.tgz"
            },
            "boom": {
              "version": "2.8.0",
              "from": "boom@>=2.0.0 <3.0.0",
              "resolved": "https://registry.npmjs.org/boom/-/boom-2.8.0.tgz"
            },
            "cryptiles": {
              "version": "2.0.4",
              "from": "cryptiles@>=2.0.0 <3.0.0",
              "resolved": "https://registry.npmjs.org/cryptiles/-/cryptiles-2.0.4.tgz"
            },
            "sntp": {
              "version": "1.0.9",
              "from": "sntp@>=1.0.0 <2.0.0",
              "resolved": "https://registry.npmjs.org/sntp/-/sntp-1.0.9.tgz"
            }
          }
        },
        "aws-sign2": {
          "version": "0.5.0",
          "from": "aws-sign2@>=0.5.0 <0.6.0"
        },
        "stringstream": {
          "version": "0.0.4",
          "from": "stringstream@>=0.0.4 <0.1.0"
        },
        "combined-stream": {
          "version": "1.0.5",
          "from": "combined-stream@>=1.0.1 <1.1.0",
          "resolved": "https://registry.npmjs.org/combined-stream/-/combined-stream-1.0.5.tgz",
          "dependencies": {
            "delayed-stream": {
              "version": "1.0.0",
              "from": "delayed-stream@>=1.0.0 <1.1.0",
              "resolved": "https://registry.npmjs.org/delayed-stream/-/delayed-stream-1.0.0.tgz"
            }
          }
        },
        "isstream": {
          "version": "0.1.2",
          "from": "isstream@>=0.1.1 <0.2.0",
          "resolved": "https://registry.npmjs.org/isstream/-/isstream-0.1.2.tgz"
        },
        "har-validator": {
          "version": "1.8.0",
          "from": "har-validator@>=1.6.1 <2.0.0",
          "resolved": "https://registry.npmjs.org/har-validator/-/har-validator-1.8.0.tgz",
          "dependencies": {
            "bluebird": {
              "version": "2.9.32",
              "from": "bluebird@>=2.9.30 <3.0.0",
              "resolved": "https://registry.npmjs.org/bluebird/-/bluebird-2.9.32.tgz"
            },
            "chalk": {
              "version": "1.1.0",
              "from": "chalk@>=1.0.0 <2.0.0",
              "resolved": "https://registry.npmjs.org/chalk/-/chalk-1.1.0.tgz",
              "dependencies": {
                "ansi-styles": {
                  "version": "2.1.0",
                  "from": "ansi-styles@>=2.1.0 <3.0.0",
                  "resolved": "https://registry.npmjs.org/ansi-styles/-/ansi-styles-2.1.0.tgz"
                },
                "escape-string-regexp": {
                  "version": "1.0.3",
                  "from": "escape-string-regexp@>=1.0.2 <2.0.0",
                  "resolved": "https://registry.npmjs.org/escape-string-regexp/-/escape-string-regexp-1.0.3.tgz"
                },
                "has-ansi": {
                  "version": "2.0.0",
                  "from": "has-ansi@>=2.0.0 <3.0.0",
                  "resolved": "https://registry.npmjs.org/has-ansi/-/has-ansi-2.0.0.tgz",
                  "dependencies": {
                    "ansi-regex": {
                      "version": "2.0.0",
                      "from": "ansi-regex@>=2.0.0 <3.0.0",
                      "resolved": "https://registry.npmjs.org/ansi-regex/-/ansi-regex-2.0.0.tgz"
                    }
                  }
                },
                "strip-ansi": {
                  "version": "3.0.0",
                  "from": "strip-ansi@>=3.0.0 <4.0.0",
                  "resolved": "https://registry.npmjs.org/strip-ansi/-/strip-ansi-3.0.0.tgz",
                  "dependencies": {
                    "ansi-regex": {
                      "version": "2.0.0",
                      "from": "ansi-regex@>=2.0.0 <3.0.0",
                      "resolved": "https://registry.npmjs.org/ansi-regex/-/ansi-regex-2.0.0.tgz"
                    }
                  }
                },
                "supports-color": {
                  "version": "2.0.0",
                  "from": "supports-color@>=2.0.0 <3.0.0",
                  "resolved": "https://registry.npmjs.org/supports-color/-/supports-color-2.0.0.tgz"
                }
              }
            },
            "commander": {
              "version": "2.8.1",
              "from": "commander@>=2.8.1 <3.0.0",
              "resolved": "https://registry.npmjs.org/commander/-/commander-2.8.1.tgz",
              "dependencies": {
                "graceful-readlink": {
                  "version": "1.0.1",
                  "from": "graceful-readlink@>=1.0.0",
                  "resolved": "https://registry.npmjs.org/graceful-readlink/-/graceful-readlink-1.0.1.tgz"
                }
              }
            },
            "is-my-json-valid": {
              "version": "2.12.0",
              "from": "is-my-json-valid@>=2.12.0 <3.0.0",
              "resolved": "https://registry.npmjs.org/is-my-json-valid/-/is-my-json-valid-2.12.0.tgz",
              "dependencies": {
                "generate-function": {
                  "version": "2.0.0",
                  "from": "generate-function@>=2.0.0 <3.0.0",
                  "resolved": "https://registry.npmjs.org/generate-function/-/generate-function-2.0.0.tgz"
                },
                "generate-object-property": {
                  "version": "1.2.0",
                  "from": "generate-object-property@>=1.1.0 <2.0.0",
                  "resolved": "https://registry.npmjs.org/generate-object-property/-/generate-object-property-1.2.0.tgz",
                  "dependencies": {
                    "is-property": {
                      "version": "1.0.2",
                      "from": "is-property@>=1.0.0 <2.0.0",
                      "resolved": "https://registry.npmjs.org/is-property/-/is-property-1.0.2.tgz"
                    }
                  }
                },
                "jsonpointer": {
                  "version": "1.1.0",
                  "from": "jsonpointer@>=1.1.0 <2.0.0",
                  "resolved": "https://registry.npmjs.org/jsonpointer/-/jsonpointer-1.1.0.tgz"
                },
                "xtend": {
                  "version": "4.0.0",
                  "from": "xtend@>=4.0.0 <5.0.0"
                }
              }
            }
          }
        }
      }
    },
    "tennu": {
      "version": "4.2.4",
      "from": "https://registry.npmjs.org/tennu/-/tennu-4.2.4.tgz",
      "resolved": "https://registry.npmjs.org/tennu/-/tennu-4.2.4.tgz",
      "dependencies": {
        "after-events": {
          "version": "1.0.1",
          "from": "https://registry.npmjs.org/after-events/-/after-events-1.0.1.tgz",
          "resolved": "https://registry.npmjs.org/after-events/-/after-events-1.0.1.tgz",
          "dependencies": {
            "bluebird": {
              "version": "1.0.8",
              "from": "https://registry.npmjs.org/bluebird/-/bluebird-1.0.8.tgz",
              "resolved": "https://registry.npmjs.org/bluebird/-/bluebird-1.0.8.tgz"
            }
          }
        },
        "bluebird": {
          "version": "1.2.4",
          "from": "https://registry.npmjs.org/bluebird/-/bluebird-1.2.4.tgz",
          "resolved": "https://registry.npmjs.org/bluebird/-/bluebird-1.2.4.tgz"
        },
        "chunk": {
          "version": "0.0.2",
          "from": "https://registry.npmjs.org/chunk/-/chunk-0.0.2.tgz",
          "resolved": "https://registry.npmjs.org/chunk/-/chunk-0.0.2.tgz"
        },
        "commander": {
          "version": "2.8.1",
          "from": "https://registry.npmjs.org/commander/-/commander-2.8.1.tgz",
          "resolved": "https://registry.npmjs.org/commander/-/commander-2.8.1.tgz",
          "dependencies": {
            "graceful-readlink": {
              "version": "1.0.1",
              "from": "https://registry.npmjs.org/graceful-readlink/-/graceful-readlink-1.0.1.tgz",
              "resolved": "https://registry.npmjs.org/graceful-readlink/-/graceful-readlink-1.0.1.tgz"
            }
          }
        },
        "irc-message": {
          "version": "1.0.0",
          "from": "https://registry.npmjs.org/irc-message/-/irc-message-1.0.0.tgz",
          "resolved": "https://registry.npmjs.org/irc-message/-/irc-message-1.0.0.tgz"
        },
        "irc-socket": {
          "version": "3.0.5",
          "from": "https://registry.npmjs.org/irc-socket/-/irc-socket-3.0.5.tgz",
          "resolved": "https://registry.npmjs.org/irc-socket/-/irc-socket-3.0.5.tgz",
          "dependencies": {
            "bluebird": {
              "version": "2.9.27",
              "from": "https://registry.npmjs.org/bluebird/-/bluebird-2.9.27.tgz",
              "resolved": "https://registry.npmjs.org/bluebird/-/bluebird-2.9.27.tgz"
            }
          }
        },
        "lodash.create": {
          "version": "3.1.0",
          "from": "https://registry.npmjs.org/lodash.create/-/lodash.create-3.1.0.tgz",
          "resolved": "https://registry.npmjs.org/lodash.create/-/lodash.create-3.1.0.tgz",
          "dependencies": {
            "lodash._baseassign": {
              "version": "3.2.0",
              "from": "https://registry.npmjs.org/lodash._baseassign/-/lodash._baseassign-3.2.0.tgz",
              "resolved": "https://registry.npmjs.org/lodash._baseassign/-/lodash._baseassign-3.2.0.tgz",
              "dependencies": {
                "lodash._basecopy": {
                  "version": "3.0.1",
                  "from": "https://registry.npmjs.org/lodash._basecopy/-/lodash._basecopy-3.0.1.tgz",
                  "resolved": "https://registry.npmjs.org/lodash._basecopy/-/lodash._basecopy-3.0.1.tgz"
                },
                "lodash.keys": {
                  "version": "3.1.1",
                  "from": "https://registry.npmjs.org/lodash.keys/-/lodash.keys-3.1.1.tgz",
                  "resolved": "https://registry.npmjs.org/lodash.keys/-/lodash.keys-3.1.1.tgz",
                  "dependencies": {
                    "lodash._getnative": {
                      "version": "3.9.0",
                      "from": "https://registry.npmjs.org/lodash._getnative/-/lodash._getnative-3.9.0.tgz",
                      "resolved": "https://registry.npmjs.org/lodash._getnative/-/lodash._getnative-3.9.0.tgz"
                    },
                    "lodash.isarguments": {
                      "version": "3.0.3",
                      "from": "https://registry.npmjs.org/lodash.isarguments/-/lodash.isarguments-3.0.3.tgz",
                      "resolved": "https://registry.npmjs.org/lodash.isarguments/-/lodash.isarguments-3.0.3.tgz"
                    },
                    "lodash.isarray": {
                      "version": "3.0.3",
                      "from": "https://registry.npmjs.org/lodash.isarray/-/lodash.isarray-3.0.3.tgz",
                      "resolved": "https://registry.npmjs.org/lodash.isarray/-/lodash.isarray-3.0.3.tgz"
                    }
                  }
                }
              }
            },
            "lodash._basecreate": {
              "version": "3.0.2",
              "from": "https://registry.npmjs.org/lodash._basecreate/-/lodash._basecreate-3.0.2.tgz",
              "resolved": "https://registry.npmjs.org/lodash._basecreate/-/lodash._basecreate-3.0.2.tgz"
            },
            "lodash._isiterateecall": {
              "version": "3.0.9",
              "from": "https://registry.npmjs.org/lodash._isiterateecall/-/lodash._isiterateecall-3.0.9.tgz",
              "resolved": "https://registry.npmjs.org/lodash._isiterateecall/-/lodash._isiterateecall-3.0.9.tgz"
            }
          }
        },
        "lodash.defaults": {
          "version": "3.1.1",
          "from": "https://registry.npmjs.org/lodash.defaults/-/lodash.defaults-3.1.1.tgz",
          "resolved": "https://registry.npmjs.org/lodash.defaults/-/lodash.defaults-3.1.1.tgz",
          "dependencies": {
            "lodash.assign": {
              "version": "3.2.0",
              "from": "https://registry.npmjs.org/lodash.assign/-/lodash.assign-3.2.0.tgz",
              "resolved": "https://registry.npmjs.org/lodash.assign/-/lodash.assign-3.2.0.tgz",
              "dependencies": {
                "lodash._baseassign": {
                  "version": "3.2.0",
                  "from": "https://registry.npmjs.org/lodash._baseassign/-/lodash._baseassign-3.2.0.tgz",
                  "resolved": "https://registry.npmjs.org/lodash._baseassign/-/lodash._baseassign-3.2.0.tgz",
                  "dependencies": {
                    "lodash._basecopy": {
                      "version": "3.0.1",
                      "from": "https://registry.npmjs.org/lodash._basecopy/-/lodash._basecopy-3.0.1.tgz",
                      "resolved": "https://registry.npmjs.org/lodash._basecopy/-/lodash._basecopy-3.0.1.tgz"
                    }
                  }
                },
                "lodash._createassigner": {
                  "version": "3.1.1",
                  "from": "https://registry.npmjs.org/lodash._createassigner/-/lodash._createassigner-3.1.1.tgz",
                  "resolved": "https://registry.npmjs.org/lodash._createassigner/-/lodash._createassigner-3.1.1.tgz",
                  "dependencies": {
                    "lodash._bindcallback": {
                      "version": "3.0.1",
                      "from": "https://registry.npmjs.org/lodash._bindcallback/-/lodash._bindcallback-3.0.1.tgz",
                      "resolved": "https://registry.npmjs.org/lodash._bindcallback/-/lodash._bindcallback-3.0.1.tgz"
                    },
                    "lodash._isiterateecall": {
                      "version": "3.0.9",
                      "from": "https://registry.npmjs.org/lodash._isiterateecall/-/lodash._isiterateecall-3.0.9.tgz",
                      "resolved": "https://registry.npmjs.org/lodash._isiterateecall/-/lodash._isiterateecall-3.0.9.tgz"
                    }
                  }
                },
                "lodash.keys": {
                  "version": "3.1.1",
                  "from": "https://registry.npmjs.org/lodash.keys/-/lodash.keys-3.1.1.tgz",
                  "resolved": "https://registry.npmjs.org/lodash.keys/-/lodash.keys-3.1.1.tgz",
                  "dependencies": {
                    "lodash._getnative": {
                      "version": "3.9.0",
                      "from": "https://registry.npmjs.org/lodash._getnative/-/lodash._getnative-3.9.0.tgz",
                      "resolved": "https://registry.npmjs.org/lodash._getnative/-/lodash._getnative-3.9.0.tgz"
                    },
                    "lodash.isarguments": {
                      "version": "3.0.3",
                      "from": "https://registry.npmjs.org/lodash.isarguments/-/lodash.isarguments-3.0.3.tgz",
                      "resolved": "https://registry.npmjs.org/lodash.isarguments/-/lodash.isarguments-3.0.3.tgz"
                    },
                    "lodash.isarray": {
                      "version": "3.0.3",
                      "from": "https://registry.npmjs.org/lodash.isarray/-/lodash.isarray-3.0.3.tgz",
                      "resolved": "https://registry.npmjs.org/lodash.isarray/-/lodash.isarray-3.0.3.tgz"
                    }
                  }
                }
              }
            },
            "lodash.restparam": {
              "version": "3.6.1",
              "from": "https://registry.npmjs.org/lodash.restparam/-/lodash.restparam-3.6.1.tgz",
              "resolved": "https://registry.npmjs.org/lodash.restparam/-/lodash.restparam-3.6.1.tgz"
            }
          }
        },
        "lodash.mapvalues": {
          "version": "3.0.1",
          "from": "https://registry.npmjs.org/lodash.mapvalues/-/lodash.mapvalues-3.0.1.tgz",
          "resolved": "https://registry.npmjs.org/lodash.mapvalues/-/lodash.mapvalues-3.0.1.tgz",
          "dependencies": {
            "lodash._basecallback": {
              "version": "3.3.0",
              "from": "https://registry.npmjs.org/lodash._basecallback/-/lodash._basecallback-3.3.0.tgz",
              "resolved": "https://registry.npmjs.org/lodash._basecallback/-/lodash._basecallback-3.3.0.tgz",
              "dependencies": {
                "lodash._baseisequal": {
                  "version": "3.0.7",
                  "from": "https://registry.npmjs.org/lodash._baseisequal/-/lodash._baseisequal-3.0.7.tgz",
                  "resolved": "https://registry.npmjs.org/lodash._baseisequal/-/lodash._baseisequal-3.0.7.tgz",
                  "dependencies": {
                    "lodash.istypedarray": {
                      "version": "3.0.2",
                      "from": "https://registry.npmjs.org/lodash.istypedarray/-/lodash.istypedarray-3.0.2.tgz",
                      "resolved": "https://registry.npmjs.org/lodash.istypedarray/-/lodash.istypedarray-3.0.2.tgz"
                    }
                  }
                },
                "lodash._bindcallback": {
                  "version": "3.0.1",
                  "from": "https://registry.npmjs.org/lodash._bindcallback/-/lodash._bindcallback-3.0.1.tgz",
                  "resolved": "https://registry.npmjs.org/lodash._bindcallback/-/lodash._bindcallback-3.0.1.tgz"
                },
                "lodash.isarray": {
                  "version": "3.0.3",
                  "from": "https://registry.npmjs.org/lodash.isarray/-/lodash.isarray-3.0.3.tgz",
                  "resolved": "https://registry.npmjs.org/lodash.isarray/-/lodash.isarray-3.0.3.tgz"
                },
                "lodash.pairs": {
                  "version": "3.0.1",
                  "from": "https://registry.npmjs.org/lodash.pairs/-/lodash.pairs-3.0.1.tgz",
                  "resolved": "https://registry.npmjs.org/lodash.pairs/-/lodash.pairs-3.0.1.tgz"
                }
              }
            },
            "lodash._basefor": {
              "version": "3.0.2",
              "from": "https://registry.npmjs.org/lodash._basefor/-/lodash._basefor-3.0.2.tgz",
              "resolved": "https://registry.npmjs.org/lodash._basefor/-/lodash._basefor-3.0.2.tgz"
            },
            "lodash.keys": {
              "version": "3.1.1",
              "from": "https://registry.npmjs.org/lodash.keys/-/lodash.keys-3.1.1.tgz",
              "resolved": "https://registry.npmjs.org/lodash.keys/-/lodash.keys-3.1.1.tgz",
              "dependencies": {
                "lodash._getnative": {
                  "version": "3.9.0",
                  "from": "https://registry.npmjs.org/lodash._getnative/-/lodash._getnative-3.9.0.tgz",
                  "resolved": "https://registry.npmjs.org/lodash._getnative/-/lodash._getnative-3.9.0.tgz"
                },
                "lodash.isarguments": {
                  "version": "3.0.3",
                  "from": "https://registry.npmjs.org/lodash.isarguments/-/lodash.isarguments-3.0.3.tgz",
                  "resolved": "https://registry.npmjs.org/lodash.isarguments/-/lodash.isarguments-3.0.3.tgz"
                },
                "lodash.isarray": {
                  "version": "3.0.3",
                  "from": "https://registry.npmjs.org/lodash.isarray/-/lodash.isarray-3.0.3.tgz",
                  "resolved": "https://registry.npmjs.org/lodash.isarray/-/lodash.isarray-3.0.3.tgz"
                }
              }
            }
          }
        },
        "prefix-event-subscriber": {
          "version": "1.1.1",
          "from": "https://registry.npmjs.org/prefix-event-subscriber/-/prefix-event-subscriber-1.1.1.tgz",
          "resolved": "https://registry.npmjs.org/prefix-event-subscriber/-/prefix-event-subscriber-1.1.1.tgz"
        },
        "r-result": {
          "version": "1.1.1",
          "from": "https://registry.npmjs.org/r-result/-/r-result-1.1.1.tgz",
          "resolved": "https://registry.npmjs.org/r-result/-/r-result-1.1.1.tgz"
        },
        "simplesets": {
          "version": "1.2.0",
          "from": "https://registry.npmjs.org/simplesets/-/simplesets-1.2.0.tgz",
          "resolved": "https://registry.npmjs.org/simplesets/-/simplesets-1.2.0.tgz"
        },
        "tennu-plugins": {
          "version": "3.1.0",
          "from": "tennu-plugins@git://github.com/Cu3PO42/tennu-plugins.git#3b75dbe4e2d8d41e19926883351c50e106756c3d",
          "resolved": "git://github.com/Cu3PO42/tennu-plugins.git#3b75dbe4e2d8d41e19926883351c50e106756c3d"
        }
      }
    },
    "tennu-admin": {
      "version": "3.0.4",
      "from": "tennu-admin@",
      "resolved": "https://registry.npmjs.org/tennu-admin/-/tennu-admin-3.0.4.tgz",
      "dependencies": {
        "bluebird": {
          "version": "1.0.8",
          "from": "bluebird@~1.0.0",
          "resolved": "https://registry.npmjs.org/bluebird/-/bluebird-1.0.8.tgz"
        }
      }
    },
    "tennu-control": {
      "version": "2.0.2",
      "from": "tennu-control@",
      "resolved": "https://registry.npmjs.org/tennu-control/-/tennu-control-2.0.2.tgz"
    }
  }
}
